
Microsoft Visual Studio Solution File, Format Version 12.00
# Visual Studio Version 17
VisualStudioVersion = 17.8.34330.188
MinimumVisualStudioVersion = 10.0.40219.1
Project("{FAE04EC0-301F-11D3-BF4B-00C04F79EFBC}") = "DapperDemo", "DapperDemo\DapperDemo.csproj", "{90ED1B60-09DA-4098-B349-8803C2DBC070}"
EndProject
Global
	GlobalSection(SolutionConfigurationPlatforms) = preSolution
		Debug|Any CPU = Debug|Any CPU
		Release|Any CPU = Release|Any CPU
	EndGlobalSection
	GlobalSection(ProjectConfigurationPlatforms) = postSolution
		{90ED1B60-09DA-4098-B349-8803C2DBC070}.Debug|Any CPU.ActiveCfg = Debug|Any CPU
		{90ED1B60-09DA-4098-B349-8803C2DBC070}.Debug|Any CPU.Build.0 = Debug|Any CPU
		{90ED1B60-09DA-4098-B349-8803C2DBC070}.Release|Any CPU.ActiveCfg = Release|Any CPU
		{90ED1B60-09DA-4098-B349-8803C2DBC070}.Release|Any CPU.Build.0 = Release|Any CPU
	EndGlobalSection
	GlobalSection(SolutionProperties) = preSolution
		HideSolutionNode = FALSE
	EndGlobalSection
	GlobalSection(ExtensibilityGlobals) = postSolution
		SolutionGuid = {5A3E1C07-B749-45E1-B0DD-EAA27454580A}
	EndGlobalSection
EndGlobal
